{
  "name": "@roderickmonk/demo-co",
  "version": "1.0.5",
  "lockfileVersion": 1,
  "dependencies": {
    "@1057405bcltd/compute-orders-addon": {
      "version": "1.0.14",
      "resolved": "https://registry.npmjs.org/@1057405bcltd/compute-orders-addon/-/compute-orders-addon-1.0.14.tgz",
      "integrity": "sha512-tAZ0vWjZZwY2oZWf+ItU/yBjah11Cii2bZHQBCWAutUUOD9RS1o9NSFHyaXiiarqJrN/WgPPnKIfTnheOLjcvw=="
    },
    "@types/node": {
      "version": "8.0.20",
      "resolved": "https://registry.npmjs.org/@types/node/-/node-8.0.20.tgz",
      "integrity": "sha512-MnB7YEpmLUyEWRVRhKpRs4swwqITnY8BcVFPoTuCl99SCplI/lLUiU5vcJ/OANDqwkpdIg0pDEM38K22KQT2RA=="
    }
  }
}
