{
  "name": "@roderickmonk/demo-co",
  "version": "0.1.0",
  "lockfileVersion": 1,
  "dependencies": {
    "@1057405bcltd/compute-orders-addon": {
      "version": "1.0.10",
      "resolved": "https://registry.npmjs.org/@1057405bcltd/compute-orders-addon/-/compute-orders-addon-1.0.10.tgz",
      "integrity": "sha512-/Ozpwj+NuXUmqfDXJKGqZcyGRDRlJ2Hbg9z55dF8+dAQxBzM5q0C57MAMM1L9xRGkwXbJCqxR0Al04C3og0AqQ==",
      "dependencies": {
        "@types/node": {
          "version": "8.0.20",
          "resolved": "https://registry.npmjs.org/@types/node/-/node-8.0.20.tgz",
          "integrity": "sha512-MnB7YEpmLUyEWRVRhKpRs4swwqITnY8BcVFPoTuCl99SCplI/lLUiU5vcJ/OANDqwkpdIg0pDEM38K22KQT2RA=="
        }
      }
    },
    "@types/node": {
      "version": "8.0.8",
      "resolved": "https://registry.npmjs.org/@types/node/-/node-8.0.8.tgz",
      "integrity": "sha512-mDdL8leJCDIe2uSA+jp2quT6t7y0Pt9guPYzfoMt97r8dhRGZ+jLetPYHCCHXLnWdmae/zHZIYvzTQaTj6BCQg=="
    }
  }
}
